// !$*UTF8*$!
{
	archiveVersion = 1;
	classes = {
	};
	objectVersion = 46;
	objects = {

/* Begin PBXBuildFile section */
		18DDBE4A1F49020D004A463C /* main.swift in Sources */ = {isa = PBXBuildFile; fileRef = 18DDBE491F49020D004A463C /* main.swift */; };
		18DDBE511F49050B004A463C /* GameDecoder.swift in Sources */ = {isa = PBXBuildFile; fileRef = 18DDBE501F49050B004A463C /* GameDecoder.swift */; };
		18FD60101F490AFE00089DC3 /* Hand.swift in Sources */ = {isa = PBXBuildFile; fileRef = 18FD600F1F490AFE00089DC3 /* Hand.swift */; };
		18FD60121F490BB200089DC3 /* Card.swift in Sources */ = {isa = PBXBuildFile; fileRef = 18FD60111F490BB200089DC3 /* Card.swift */; };
		18FD60161F49B91000089DC3 /* ErrorHandler.swift in Sources */ = {isa = PBXBuildFile; fileRef = 18FD60151F49B91000089DC3 /* ErrorHandler.swift */; };
		18FD60191F49C44E00089DC3 /* UnitTests.swift in Sources */ = {isa = PBXBuildFile; fileRef = 18FD60181F49C44E00089DC3 /* UnitTests.swift */; };
		18FD601B1F49C4D700089DC3 /* SortTests.swift in Sources */ = {isa = PBXBuildFile; fileRef = 18FD601A1F49C4D700089DC3 /* SortTests.swift */; };
		18FD601D1F49CC0F00089DC3 /* GameDecoderTests.swift in Sources */ = {isa = PBXBuildFile; fileRef = 18FD601C1F49CC0F00089DC3 /* GameDecoderTests.swift */; };
		18FD60201F49CD7700089DC3 /* MockErrorHandler.swift in Sources */ = {isa = PBXBuildFile; fileRef = 18FD601F1F49CD7700089DC3 /* MockErrorHandler.swift */; };
/* End PBXBuildFile section */

/* Begin PBXCopyFilesBuildPhase section */
		18DDBE441F49020D004A463C /* CopyFiles */ = {
			isa = PBXCopyFilesBuildPhase;
			buildActionMask = 2147483647;
			dstPath = /usr/share/man/man1/;
			dstSubfolderSpec = 0;
			files = (
			);
			runOnlyForDeploymentPostprocessing = 1;
		};
/* End PBXCopyFilesBuildPhase section */

/* Begin PBXFileReference section */
		18DDBE461F49020D004A463C /* PokerEvaluator */ = {isa = PBXFileReference; explicitFileType = "compiled.mach-o.executable"; includeInIndex = 0; path = PokerEvaluator; sourceTree = BUILT_PRODUCTS_DIR; };
		18DDBE491F49020D004A463C /* main.swift */ = {isa = PBXFileReference; lastKnownFileType = sourcecode.swift; path = main.swift; sourceTree = "<group>"; };
		18DDBE501F49050B004A463C /* GameDecoder.swift */ = {isa = PBXFileReference; fileEncoding = 4; lastKnownFileType = sourcecode.swift; name = GameDecoder.swift; path = Services/GameDecoder.swift; sourceTree = "<group>"; };
		18FD600F1F490AFE00089DC3 /* Hand.swift */ = {isa = PBXFileReference; fileEncoding = 4; lastKnownFileType = sourcecode.swift; name = Hand.swift; path = Models/Hand.swift; sourceTree = "<group>"; };
		18FD60111F490BB200089DC3 /* Card.swift */ = {isa = PBXFileReference; fileEncoding = 4; lastKnownFileType = sourcecode.swift; name = Card.swift; path = Models/Card.swift; sourceTree = "<group>"; };
		18FD60151F49B91000089DC3 /* ErrorHandler.swift */ = {isa = PBXFileReference; fileEncoding = 4; lastKnownFileType = sourcecode.swift; name = ErrorHandler.swift; path = Services/ErrorHandler.swift; sourceTree = "<group>"; };
		18FD60181F49C44E00089DC3 /* UnitTests.swift */ = {isa = PBXFileReference; fileEncoding = 4; lastKnownFileType = sourcecode.swift; name = UnitTests.swift; path = UnitTests/UnitTests.swift; sourceTree = "<group>"; };
		18FD601A1F49C4D700089DC3 /* SortTests.swift */ = {isa = PBXFileReference; fileEncoding = 4; lastKnownFileType = sourcecode.swift; name = SortTests.swift; path = UnitTests/SortTests.swift; sourceTree = "<group>"; };
		18FD601C1F49CC0F00089DC3 /* GameDecoderTests.swift */ = {isa = PBXFileReference; fileEncoding = 4; lastKnownFileType = sourcecode.swift; name = GameDecoderTests.swift; path = UnitTests/GameDecoderTests.swift; sourceTree = "<group>"; };
		18FD601F1F49CD7700089DC3 /* MockErrorHandler.swift */ = {isa = PBXFileReference; fileEncoding = 4; lastKnownFileType = sourcecode.swift; name = MockErrorHandler.swift; path = UnitTests/Mocks/MockErrorHandler.swift; sourceTree = "<group>"; };
/* End PBXFileReference section */

/* Begin PBXFrameworksBuildPhase section */
		18DDBE431F49020D004A463C /* Frameworks */ = {
			isa = PBXFrameworksBuildPhase;
			buildActionMask = 2147483647;
			files = (
			);
			runOnlyForDeploymentPostprocessing = 0;
		};
/* End PBXFrameworksBuildPhase section */

/* Begin PBXGroup section */
		18DDBE3D1F49020D004A463C = {
			isa = PBXGroup;
			children = (
				18DDBE481F49020D004A463C /* PokerEvaluator */,
				18DDBE471F49020D004A463C /* Products */,
			);
			sourceTree = "<group>";
		};
		18DDBE471F49020D004A463C /* Products */ = {
			isa = PBXGroup;
			children = (
				18DDBE461F49020D004A463C /* PokerEvaluator */,
			);
			name = Products;
			sourceTree = "<group>";
		};
		18DDBE481F49020D004A463C /* PokerEvaluator */ = {
			isa = PBXGroup;
			children = (
				18DDBE491F49020D004A463C /* main.swift */,
				18FD60131F49189700089DC3 /* Models */,
				18FD60141F4918C800089DC3 /* Services */,
				18FD60171F49C3BD00089DC3 /* UnitTests */,
			);
			path = PokerEvaluator;
			sourceTree = "<group>";
		};
		18FD60131F49189700089DC3 /* Models */ = {
			isa = PBXGroup;
			children = (
				18FD600F1F490AFE00089DC3 /* Hand.swift */,
				18FD60111F490BB200089DC3 /* Card.swift */,
			);
			name = Models;
			sourceTree = "<group>";
		};
		18FD60141F4918C800089DC3 /* Services */ = {
			isa = PBXGroup;
			children = (
				18DDBE501F49050B004A463C /* GameDecoder.swift */,
				18FD60151F49B91000089DC3 /* ErrorHandler.swift */,
			);
			name = Services;
			sourceTree = "<group>";
		};
		18FD60171F49C3BD00089DC3 /* UnitTests */ = {
			isa = PBXGroup;
			children = (
				18FD601E1F49CD5A00089DC3 /* Mocks */,
				18FD60181F49C44E00089DC3 /* UnitTests.swift */,
				18FD601A1F49C4D700089DC3 /* SortTests.swift */,
				18FD601C1F49CC0F00089DC3 /* GameDecoderTests.swift */,
			);
			name = UnitTests;
			sourceTree = "<group>";
		};
		18FD601E1F49CD5A00089DC3 /* Mocks */ = {
			isa = PBXGroup;
			children = (
				18FD601F1F49CD7700089DC3 /* MockErrorHandler.swift */,
			);
			name = Mocks;
			sourceTree = "<group>";
		};
/* End PBXGroup section */

/* Begin PBXNativeTarget section */
		18DDBE451F49020D004A463C /* PokerEvaluator */ = {
			isa = PBXNativeTarget;
			buildConfigurationList = 18DDBE4D1F49020D004A463C /* Build configuration list for PBXNativeTarget "PokerEvaluator" */;
			buildPhases = (
				18DDBE421F49020D004A463C /* Sources */,
				18DDBE431F49020D004A463C /* Frameworks */,
				18DDBE441F49020D004A463C /* CopyFiles */,
			);
			buildRules = (
			);
			dependencies = (
			);
			name = PokerEvaluator;
			productName = PokerEvaluator;
			productReference = 18DDBE461F49020D004A463C /* PokerEvaluator */;
			productType = "com.apple.product-type.tool";
		};
/* End PBXNativeTarget section */

/* Begin PBXProject section */
		18DDBE3E1F49020D004A463C /* Project object */ = {
			isa = PBXProject;
			attributes = {
				LastSwiftUpdateCheck = 0830;
				LastUpgradeCheck = 0830;
				ORGANIZATIONNAME = "Lin David, US-20";
				TargetAttributes = {
					18DDBE451F49020D004A463C = {
						CreatedOnToolsVersion = 8.3.3;
						DevelopmentTeam = 4R5QVHEW22;
						ProvisioningStyle = Automatic;
					};
				};
			};
			buildConfigurationList = 18DDBE411F49020D004A463C /* Build configuration list for PBXProject "PokerEvaluator" */;
			compatibilityVersion = "Xcode 3.2";
			developmentRegion = English;
			hasScannedForEncodings = 0;
			knownRegions = (
				en,
			);
			mainGroup = 18DDBE3D1F49020D004A463C;
			productRefGroup = 18DDBE471F49020D004A463C /* Products */;
			projectDirPath = "";
			projectRoot = "";
			targets = (
				18DDBE451F49020D004A463C /* PokerEvaluator */,
			);
		};
/* End PBXProject section */

/* Begin PBXSourcesBuildPhase section */
		18DDBE421F49020D004A463C /* Sources */ = {
			isa = PBXSourcesBuildPhase;
			buildActionMask = 2147483647;
			files = (
				18FD60201F49CD7700089DC3 /* MockErrorHandler.swift in Sources */,
				18DDBE4A1F49020D004A463C /* main.swift in Sources */,
				18FD60191F49C44E00089DC3 /* UnitTests.swift in Sources */,
				18DDBE511F49050B004A463C /* GameDecoder.swift in Sources */,
				18FD60161F49B91000089DC3 /* ErrorHandler.swift in Sources */,
				18FD601D1F49CC0F00089DC3 /* GameDecoderTests.swift in Sources */,
				18FD60101F490AFE00089DC3 /* Hand.swift in Sources */,
				18FD60121F490BB200089DC3 /* Card.swift in Sources */,
				18FD601B1F49C4D700089DC3 /* SortTests.swift in Sources */,
			);
			runOnlyForDeploymentPostprocessing = 0;
		};
/* End PBXSourcesBuildPhase section */

/* Begin XCBuildConfiguration section */
		18DDBE4B1F49020D004A463C /* Debug */ = {
			isa = XCBuildConfiguration;
			buildSettings = {
				ALWAYS_SEARCH_USER_PATHS = NO;
				CLANG_ANALYZER_NONNULL = YES;
				CLANG_ANALYZER_NUMBER_OBJECT_CONVERSION = YES_AGGRESSIVE;
				CLANG_CXX_LANGUAGE_STANDARD = "gnu++0x";
				CLANG_CXX_LIBRARY = "libc++";
				CLANG_ENABLE_MODULES = YES;
				CLANG_ENABLE_OBJC_ARC = YES;
				CLANG_WARN_BOOL_CONVERSION = YES;
				CLANG_WARN_CONSTANT_CONVERSION = YES;
				CLANG_WARN_DIRECT_OBJC_ISA_USAGE = YES_ERROR;
				CLANG_WARN_DOCUMENTATION_COMMENTS = YES;
				CLANG_WARN_EMPTY_BODY = YES;
				CLANG_WARN_ENUM_CONVERSION = YES;
				CLANG_WARN_INFINITE_RECURSION = YES;
				CLANG_WARN_INT_CONVERSION = YES;
				CLANG_WARN_OBJC_ROOT_CLASS = YES_ERROR;
				CLANG_WARN_SUSPICIOUS_MOVE = YES;
				CLANG_WARN_UNREACHABLE_CODE = YES;
				CLANG_WARN__DUPLICATE_METHOD_MATCH = YES;
				CODE_SIGN_IDENTITY = "-";
				COPY_PHASE_STRIP = NO;
				DEBUG_INFORMATION_FORMAT = dwarf;
				ENABLE_STRICT_OBJC_MSGSEND = YES;
				ENABLE_TESTABILITY = YES;
				GCC_C_LANGUAGE_STANDARD = gnu99;
				GCC_DYNAMIC_NO_PIC = NO;
				GCC_NO_COMMON_BLOCKS = YES;
				GCC_OPTIMIZATION_LEVEL = 0;
				GCC_PREPROCESSOR_DEFINITIONS = (
					"DEBUG=1",
					"$(inherited)",
				);
				GCC_WARN_64_TO_32_BIT_CONVERSION = YES;
				GCC_WARN_ABOUT_RETURN_TYPE = YES_ERROR;
				GCC_WARN_UNDECLARED_SELECTOR = YES;
				GCC_WARN_UNINITIALIZED_AUTOS = YES_AGGRESSIVE;
				GCC_WARN_UNUSED_FUNCTION = YES;
				GCC_WARN_UNUSED_VARIABLE = YES;
				MACOSX_DEPLOYMENT_TARGET = 10.12;
				MTL_ENABLE_DEBUG_INFO = YES;
				ONLY_ACTIVE_ARCH = YES;
				SDKROOT = macosx;
				SWIFT_OPTIMIZATION_LEVEL = "-Onone";
			};
			name = Debug;
		};
		18DDBE4C1F49020D004A463C /* Release */ = {
			isa = XCBuildConfiguration;
			buildSettings = {
				ALWAYS_SEARCH_USER_PATHS = NO;
				CLANG_ANALYZER_NONNULL = YES;
				CLANG_ANALYZER_NUMBER_OBJECT_CONVERSION = YES_AGGRESSIVE;
				CLANG_CXX_LANGUAGE_STANDARD = "gnu++0x";
				CLANG_CXX_LIBRARY = "libc++";
				CLANG_ENABLE_MODULES = YES;
				CLANG_ENABLE_OBJC_ARC = YES;
				CLANG_WARN_BOOL_CONVERSION = YES;
				CLANG_WARN_CONSTANT_CONVERSION = YES;
				CLANG_WARN_DIRECT_OBJC_ISA_USAGE = YES_ERROR;
				CLANG_WARN_DOCUMENTATION_COMMENTS = YES;
				CLANG_WARN_EMPTY_BODY = YES;
				CLANG_WARN_ENUM_CONVERSION = YES;
				CLANG_WARN_INFINITE_RECURSION = YES;
				CLANG_WARN_INT_CONVERSION = YES;
				CLANG_WARN_OBJC_ROOT_CLASS = YES_ERROR;
				CLANG_WARN_SUSPICIOUS_MOVE = YES;
				CLANG_WARN_UNREACHABLE_CODE = YES;
				CLANG_WARN__DUPLICATE_METHOD_MATCH = YES;
				CODE_SIGN_IDENTITY = "-";
				COPY_PHASE_STRIP = NO;
				DEBUG_INFORMATION_FORMAT = "dwarf-with-dsym";
				ENABLE_NS_ASSERTIONS = NO;
				ENABLE_STRICT_OBJC_MSGSEND = YES;
				GCC_C_LANGUAGE_STANDARD = gnu99;
				GCC_NO_COMMON_BLOCKS = YES;
				GCC_WARN_64_TO_32_BIT_CONVERSION = YES;
				GCC_WARN_ABOUT_RETURN_TYPE = YES_ERROR;
				GCC_WARN_UNDECLARED_SELECTOR = YES;
				GCC_WARN_UNINITIALIZED_AUTOS = YES_AGGRESSIVE;
				GCC_WARN_UNUSED_FUNCTION = YES;
				GCC_WARN_UNUSED_VARIABLE = YES;
				MACOSX_DEPLOYMENT_TARGET = 10.12;
				MTL_ENABLE_DEBUG_INFO = NO;
				SDKROOT = macosx;
			};
			name = Release;
		};
		18DDBE4E1F49020D004A463C /* Debug */ = {
			isa = XCBuildConfiguration;
			buildSettings = {
				DEVELOPMENT_TEAM = 4R5QVHEW22;
				PRODUCT_NAME = "$(TARGET_NAME)";
				SWIFT_VERSION = 3.0;
			};
			name = Debug;
		};
		18DDBE4F1F49020D004A463C /* Release */ = {
			isa = XCBuildConfiguration;
			buildSettings = {
				DEVELOPMENT_TEAM = 4R5QVHEW22;
				PRODUCT_NAME = "$(TARGET_NAME)";
				SWIFT_VERSION = 3.0;
			};
			name = Release;
		};
/* End XCBuildConfiguration section */

/* Begin XCConfigurationList section */
		18DDBE411F49020D004A463C /* Build configuration list for PBXProject "PokerEvaluator" */ = {
			isa = XCConfigurationList;
			buildConfigurations = (
				18DDBE4B1F49020D004A463C /* Debug */,
				18DDBE4C1F49020D004A463C /* Release */,
			);
			defaultConfigurationIsVisible = 0;
			defaultConfigurationName = Release;
		};
		18DDBE4D1F49020D004A463C /* Build configuration list for PBXNativeTarget "PokerEvaluator" */ = {
			isa = XCConfigurationList;
			buildConfigurations = (
				18DDBE4E1F49020D004A463C /* Debug */,
				18DDBE4F1F49020D004A463C /* Release */,
			);
			defaultConfigurationIsVisible = 0;
			defaultConfigurationName = Release;
		};
/* End XCConfigurationList section */
	};
	rootObject = 18DDBE3E1F49020D004A463C /* Project object */;
}
